<?xml version="1.0" encoding="utf-8"?>
<Project ToolsVersion="4.0" xmlns="http://schemas.microsoft.com/developer/msbuild/2003">
  <ItemGroup>
    <Filter Include="Mandas">
      <UniqueIdentifier>{198E95C2-0530-C098-EEEA-D3ECDA2B47E9}</UniqueIdentifier>
    </Filter>
    <Filter Include="Mandas\Events">
      <UniqueIdentifier>{DD43EDCA-4904-6901-123F-B27E7EBEADDD}</UniqueIdentifier>
    </Filter>
    <Filter Include="Mandas\Platform">
      <UniqueIdentifier>{8DB66B57-F941-D91B-0253-5C106E5D351C}</UniqueIdentifier>
    </Filter>
    <Filter Include="Mandas\Platform\Windows">
      <UniqueIdentifier>{C79D59B9-33D5-A150-3CDF-0574A895C849}</UniqueIdentifier>
    </Filter>
  </ItemGroup>
  <ItemGroup>
    <ClInclude Include="src\Mandas.h" />
    <ClInclude Include="src\Mandas\Application.h">
      <Filter>Mandas</Filter>
    </ClInclude>
    <ClInclude Include="src\Mandas\Core.h">
      <Filter>Mandas</Filter>
    </ClInclude>
    <ClInclude Include="src\Mandas\EntryPoint.h">
      <Filter>Mandas</Filter>
    </ClInclude>
    <ClInclude Include="src\Mandas\Events\ApplicationEvent.h">
      <Filter>Mandas\Events</Filter>
    </ClInclude>
    <ClInclude Include="src\Mandas\Events\Event.h">
      <Filter>Mandas\Events</Filter>
    </ClInclude>
    <ClInclude Include="src\Mandas\Events\KeyEvent.h">
      <Filter>Mandas\Events</Filter>
    </ClInclude>
    <ClInclude Include="src\Mandas\Events\MouseEvent.h">
      <Filter>Mandas\Events</Filter>
    </ClInclude>
    <ClInclude Include="src\Mandas\Log.h">
      <Filter>Mandas</Filter>
    </ClInclude>
    <ClInclude Include="src\Mandas\Platform\Windows\WindowsWindow.h">
      <Filter>Mandas\Platform\Windows</Filter>
    </ClInclude>
    <ClInclude Include="src\Mandas\Window.h">
      <Filter>Mandas</Filter>
    </ClInclude>
    <ClInclude Include="src\mdpch.h" />
  </ItemGroup>
  <ItemGroup>
    <ClCompile Include="src\Mandas\Application.cpp">
      <Filter>Mandas</Filter>
    </ClCompile>
    <ClCompile Include="src\Mandas\Log.cpp">
      <Filter>Mandas</Filter>
    </ClCompile>
    <ClCompile Include="src\Mandas\Platform\Windows\WindowsWindow.cpp">
      <Filter>Mandas\Platform\Windows</Filter>
    </ClCompile>
    <ClCompile Include="src\mdpch.cpp" />
  </ItemGroup>
</Project>