<?xml version="1.0" encoding="utf-8"?>
<Project ToolsVersion="4.0" xmlns="http://schemas.microsoft.com/developer/msbuild/2003">
  <ItemGroup>
    <Filter Include="Mandas">
      <UniqueIdentifier>{198E95C2-0530-C098-EEEA-D3ECDA2B47E9}</UniqueIdentifier>
    </Filter>
    <Filter Include="Mandas\Events">
      <UniqueIdentifier>{DD43EDCA-4904-6901-123F-B27E7EBEADDD}</UniqueIdentifier>
    </Filter>
    <Filter Include="Mandas\ImGui">
      <UniqueIdentifier>{03728063-EFD4-0F08-985A-48BE849CDB8A}</UniqueIdentifier>
    </Filter>
    <Filter Include="Platform">
      <UniqueIdentifier>{2AC788B4-1694-E3BF-3FAD-D1672BD9184E}</UniqueIdentifier>
    </Filter>
    <Filter Include="Platform\OpenGL">
      <UniqueIdentifier>{1E7D2C1D-8A08-9AE1-9319-1DD6FF23F6E1}</UniqueIdentifier>
    </Filter>
    <Filter Include="Platform\Windows">
      <UniqueIdentifier>{64FBD71A-50F4-F66C-7926-DCF1657ED678}</UniqueIdentifier>
    </Filter>
  </ItemGroup>
  <ItemGroup>
    <ClInclude Include="src\Mandas.h" />
    <ClInclude Include="src\Mandas\Application.h">
      <Filter>Mandas</Filter>
    </ClInclude>
    <ClInclude Include="src\Mandas\Core.h">
      <Filter>Mandas</Filter>
    </ClInclude>
    <ClInclude Include="src\Mandas\EntryPoint.h">
      <Filter>Mandas</Filter>
    </ClInclude>
    <ClInclude Include="src\Mandas\Events\ApplicationEvent.h">
      <Filter>Mandas\Events</Filter>
    </ClInclude>
    <ClInclude Include="src\Mandas\Events\Event.h">
      <Filter>Mandas\Events</Filter>
    </ClInclude>
    <ClInclude Include="src\Mandas\Events\KeyEvent.h">
      <Filter>Mandas\Events</Filter>
    </ClInclude>
    <ClInclude Include="src\Mandas\Events\MouseEvent.h">
      <Filter>Mandas\Events</Filter>
    </ClInclude>
    <ClInclude Include="src\Mandas\ImGui\ImGuiLayer.h">
      <Filter>Mandas\ImGui</Filter>
    </ClInclude>
    <ClInclude Include="src\Mandas\Input.h">
      <Filter>Mandas</Filter>
    </ClInclude>
    <ClInclude Include="src\Mandas\Layer.h">
      <Filter>Mandas</Filter>
    </ClInclude>
    <ClInclude Include="src\Mandas\LayerStack.h">
      <Filter>Mandas</Filter>
    </ClInclude>
    <ClInclude Include="src\Mandas\Log.h">
      <Filter>Mandas</Filter>
    </ClInclude>
    <ClInclude Include="src\Mandas\Window.h">
      <Filter>Mandas</Filter>
    </ClInclude>
    <ClInclude Include="src\Platform\OpenGL\ImGuiOpenGLRenderer.h">
      <Filter>Platform\OpenGL</Filter>
    </ClInclude>
    <ClInclude Include="src\Platform\Windows\WindowsInput.h">
      <Filter>Platform\Windows</Filter>
    </ClInclude>
    <ClInclude Include="src\Platform\Windows\WindowsWindow.h">
      <Filter>Platform\Windows</Filter>
    </ClInclude>
    <ClInclude Include="src\mdpch.h" />
  </ItemGroup>
  <ItemGroup>
    <ClCompile Include="src\Mandas\Application.cpp">
      <Filter>Mandas</Filter>
    </ClCompile>
    <ClCompile Include="src\Mandas\ImGui\ImGuiLayer.cpp">
      <Filter>Mandas\ImGui</Filter>
    </ClCompile>
    <ClCompile Include="src\Mandas\Layer.cpp">
      <Filter>Mandas</Filter>
    </ClCompile>
    <ClCompile Include="src\Mandas\LayerStack.cpp">
      <Filter>Mandas</Filter>
    </ClCompile>
    <ClCompile Include="src\Mandas\Log.cpp">
      <Filter>Mandas</Filter>
    </ClCompile>
    <ClCompile Include="src\Platform\OpenGL\ImGuiOpenGLRenderer.cpp">
      <Filter>Platform\OpenGL</Filter>
    </ClCompile>
    <ClCompile Include="src\Platform\Windows\WindowsInput.cpp">
      <Filter>Platform\Windows</Filter>
    </ClCompile>
    <ClCompile Include="src\Platform\Windows\WindowsWindow.cpp">
      <Filter>Platform\Windows</Filter>
    </ClCompile>
    <ClCompile Include="src\mdpch.cpp" />
  </ItemGroup>
</Project>